
Microsoft Visual Studio Solution File, Format Version 12.00
# Visual Studio 15
VisualStudioVersion = 15.0.28010.2016
MinimumVisualStudioVersion = 10.0.40219.1
Project("{FAE04EC0-301F-11D3-BF4B-00C04F79EFBC}") = "ResponseAPI", "AkshaakWebAPI\ResponseAPI.csproj", "{CD7D120D-034F-4829-BFF9-F04F67CC789B}"
EndProject
Project("{2150E333-8FDC-42A3-9474-1A3956D46DE8}") = "WEB", "WEB", "{8CDF3CB4-B7DD-4202-8BF7-DCE9EF05EEE8}"
EndProject
Project("{2150E333-8FDC-42A3-9474-1A3956D46DE8}") = "Business Access Layer", "Business Access Layer", "{EB776E64-8145-4479-9552-4A436A5E5C3F}"
EndProject
Project("{2150E333-8FDC-42A3-9474-1A3956D46DE8}") = "Data Access Layer", "Data Access Layer", "{9A1BC169-6D5A-413A-8D68-921386D55C0E}"
EndProject
Project("{2150E333-8FDC-42A3-9474-1A3956D46DE8}") = "Common", "Common", "{A12FB754-FE9E-4C93-8D58-596A5799A5F4}"
EndProject
Project("{FAE04EC0-301F-11D3-BF4B-00C04F79EFBC}") = "BusinessEntities", "BusinessEntities\BusinessEntities.csproj", "{08E13F53-D70F-48E5-8269-2C4A7D3EDA67}"
EndProject
Project("{FAE04EC0-301F-11D3-BF4B-00C04F79EFBC}") = "BusinessServices", "BusinessServices\BusinessServices.csproj", "{FCE5A699-7AE5-4DCE-A2D7-719726A08094}"
EndProject
Project("{FAE04EC0-301F-11D3-BF4B-00C04F79EFBC}") = "DataBase", "DataBase\DataBase.csproj", "{B78253ED-2F40-40D9-8C2D-ED4973E809D4}"
EndProject
Project("{FAE04EC0-301F-11D3-BF4B-00C04F79EFBC}") = "GenericRepository", "GenericRepository\GenericRepository.csproj", "{D496B3AE-3FA5-481D-A8F6-C4DD9FE852A2}"
EndProject
Project("{FAE04EC0-301F-11D3-BF4B-00C04F79EFBC}") = "UnitOfWork", "UnitOfWork\UnitOfWork.csproj", "{A9EDB281-444B-4F9E-B68B-65ADECA7B67D}"
EndProject
Project("{FAE04EC0-301F-11D3-BF4B-00C04F79EFBC}") = "Interfaces", "Interfaces\Interfaces.csproj", "{142D3C22-94A9-4EAF-B59A-396FB9E9C4AF}"
EndProject
Project("{FAE04EC0-301F-11D3-BF4B-00C04F79EFBC}") = "Resolver", "Resolver\Resolver.csproj", "{DF2CD351-B39A-4BBB-BD4A-D039806A5684}"
EndProject
Project("{FAE04EC0-301F-11D3-BF4B-00C04F79EFBC}") = "MapperUtility", "MapperUtility\MapperUtility.csproj", "{8046BE2C-66B6-447A-B4C9-28D5FD0732A6}"
EndProject
Global
	GlobalSection(SolutionConfigurationPlatforms) = preSolution
		Debug|Any CPU = Debug|Any CPU
		Release|Any CPU = Release|Any CPU
	EndGlobalSection
	GlobalSection(ProjectConfigurationPlatforms) = postSolution
		{CD7D120D-034F-4829-BFF9-F04F67CC789B}.Debug|Any CPU.ActiveCfg = Debug|Any CPU
		{CD7D120D-034F-4829-BFF9-F04F67CC789B}.Debug|Any CPU.Build.0 = Debug|Any CPU
		{CD7D120D-034F-4829-BFF9-F04F67CC789B}.Release|Any CPU.ActiveCfg = Release|Any CPU
		{CD7D120D-034F-4829-BFF9-F04F67CC789B}.Release|Any CPU.Build.0 = Release|Any CPU
		{08E13F53-D70F-48E5-8269-2C4A7D3EDA67}.Debug|Any CPU.ActiveCfg = Debug|Any CPU
		{08E13F53-D70F-48E5-8269-2C4A7D3EDA67}.Debug|Any CPU.Build.0 = Debug|Any CPU
		{08E13F53-D70F-48E5-8269-2C4A7D3EDA67}.Release|Any CPU.ActiveCfg = Release|Any CPU
		{08E13F53-D70F-48E5-8269-2C4A7D3EDA67}.Release|Any CPU.Build.0 = Release|Any CPU
		{FCE5A699-7AE5-4DCE-A2D7-719726A08094}.Debug|Any CPU.ActiveCfg = Debug|Any CPU
		{FCE5A699-7AE5-4DCE-A2D7-719726A08094}.Debug|Any CPU.Build.0 = Debug|Any CPU
		{FCE5A699-7AE5-4DCE-A2D7-719726A08094}.Release|Any CPU.ActiveCfg = Release|Any CPU
		{FCE5A699-7AE5-4DCE-A2D7-719726A08094}.Release|Any CPU.Build.0 = Release|Any CPU
		{B78253ED-2F40-40D9-8C2D-ED4973E809D4}.Debug|Any CPU.ActiveCfg = Debug|Any CPU
		{B78253ED-2F40-40D9-8C2D-ED4973E809D4}.Debug|Any CPU.Build.0 = Debug|Any CPU
		{B78253ED-2F40-40D9-8C2D-ED4973E809D4}.Release|Any CPU.ActiveCfg = Release|Any CPU
		{B78253ED-2F40-40D9-8C2D-ED4973E809D4}.Release|Any CPU.Build.0 = Release|Any CPU
		{D496B3AE-3FA5-481D-A8F6-C4DD9FE852A2}.Debug|Any CPU.ActiveCfg = Debug|Any CPU
		{D496B3AE-3FA5-481D-A8F6-C4DD9FE852A2}.Debug|Any CPU.Build.0 = Debug|Any CPU
		{D496B3AE-3FA5-481D-A8F6-C4DD9FE852A2}.Release|Any CPU.ActiveCfg = Release|Any CPU
		{D496B3AE-3FA5-481D-A8F6-C4DD9FE852A2}.Release|Any CPU.Build.0 = Release|Any CPU
		{A9EDB281-444B-4F9E-B68B-65ADECA7B67D}.Debug|Any CPU.ActiveCfg = Debug|Any CPU
		{A9EDB281-444B-4F9E-B68B-65ADECA7B67D}.Debug|Any CPU.Build.0 = Debug|Any CPU
		{A9EDB281-444B-4F9E-B68B-65ADECA7B67D}.Release|Any CPU.ActiveCfg = Release|Any CPU
		{A9EDB281-444B-4F9E-B68B-65ADECA7B67D}.Release|Any CPU.Build.0 = Release|Any CPU
		{142D3C22-94A9-4EAF-B59A-396FB9E9C4AF}.Debug|Any CPU.ActiveCfg = Debug|Any CPU
		{142D3C22-94A9-4EAF-B59A-396FB9E9C4AF}.Debug|Any CPU.Build.0 = Debug|Any CPU
		{142D3C22-94A9-4EAF-B59A-396FB9E9C4AF}.Release|Any CPU.ActiveCfg = Release|Any CPU
		{142D3C22-94A9-4EAF-B59A-396FB9E9C4AF}.Release|Any CPU.Build.0 = Release|Any CPU
		{DF2CD351-B39A-4BBB-BD4A-D039806A5684}.Debug|Any CPU.ActiveCfg = Debug|Any CPU
		{DF2CD351-B39A-4BBB-BD4A-D039806A5684}.Debug|Any CPU.Build.0 = Debug|Any CPU
		{DF2CD351-B39A-4BBB-BD4A-D039806A5684}.Release|Any CPU.ActiveCfg = Release|Any CPU
		{DF2CD351-B39A-4BBB-BD4A-D039806A5684}.Release|Any CPU.Build.0 = Release|Any CPU
		{8046BE2C-66B6-447A-B4C9-28D5FD0732A6}.Debug|Any CPU.ActiveCfg = Debug|Any CPU
		{8046BE2C-66B6-447A-B4C9-28D5FD0732A6}.Debug|Any CPU.Build.0 = Debug|Any CPU
		{8046BE2C-66B6-447A-B4C9-28D5FD0732A6}.Release|Any CPU.ActiveCfg = Release|Any CPU
		{8046BE2C-66B6-447A-B4C9-28D5FD0732A6}.Release|Any CPU.Build.0 = Release|Any CPU
	EndGlobalSection
	GlobalSection(SolutionProperties) = preSolution
		HideSolutionNode = FALSE
	EndGlobalSection
	GlobalSection(NestedProjects) = preSolution
		{CD7D120D-034F-4829-BFF9-F04F67CC789B} = {8CDF3CB4-B7DD-4202-8BF7-DCE9EF05EEE8}
		{08E13F53-D70F-48E5-8269-2C4A7D3EDA67} = {EB776E64-8145-4479-9552-4A436A5E5C3F}
		{FCE5A699-7AE5-4DCE-A2D7-719726A08094} = {EB776E64-8145-4479-9552-4A436A5E5C3F}
		{B78253ED-2F40-40D9-8C2D-ED4973E809D4} = {9A1BC169-6D5A-413A-8D68-921386D55C0E}
		{D496B3AE-3FA5-481D-A8F6-C4DD9FE852A2} = {9A1BC169-6D5A-413A-8D68-921386D55C0E}
		{A9EDB281-444B-4F9E-B68B-65ADECA7B67D} = {9A1BC169-6D5A-413A-8D68-921386D55C0E}
		{142D3C22-94A9-4EAF-B59A-396FB9E9C4AF} = {A12FB754-FE9E-4C93-8D58-596A5799A5F4}
		{DF2CD351-B39A-4BBB-BD4A-D039806A5684} = {A12FB754-FE9E-4C93-8D58-596A5799A5F4}
		{8046BE2C-66B6-447A-B4C9-28D5FD0732A6} = {A12FB754-FE9E-4C93-8D58-596A5799A5F4}
	EndGlobalSection
	GlobalSection(ExtensibilityGlobals) = postSolution
		SolutionGuid = {A6348DBC-93C4-442F-BE8A-AFA152D70D19}
		EnterpriseLibraryConfigurationToolBinariesPath = packages\Unity.2.1.505.0\lib\NET35
	EndGlobalSection
EndGlobal
